// !$*UTF8*$!
{
	archiveVersion = 1;
	classes = {
	};
	objectVersion = 52;
	objects = {

/* Begin PBXBuildFile section */
		2027E13D26FC44E80074151D /* Swinject in Frameworks */ = {isa = PBXBuildFile; productRef = 2027E13C26FC44E80074151D /* Swinject */; };
		2027E14726FC4D5E0074151D /* AutoAssembly.swift in Sources */ = {isa = PBXBuildFile; fileRef = 2027E14626FC4D5E0074151D /* AutoAssembly.swift */; };
		2027E15126FC64EB0074151D /* HomeView.swift in Sources */ = {isa = PBXBuildFile; fileRef = 2027E15026FC64EB0074151D /* HomeView.swift */; };
		2027E1682701B5C90074151D /* SwinjectConfigurator.swift in Sources */ = {isa = PBXBuildFile; fileRef = 2027E1672701B5C90074151D /* SwinjectConfigurator.swift */; };
		2027E16C2701C0D40074151D /* Coordinator.swift in Sources */ = {isa = PBXBuildFile; fileRef = 2027E16B2701C0D40074151D /* Coordinator.swift */; };
		2027E16E2701C2EA0074151D /* HomeCoordinator.swift in Sources */ = {isa = PBXBuildFile; fileRef = 2027E16D2701C2EA0074151D /* HomeCoordinator.swift */; };
		2027E1702701C36F0074151D /* HomeAssembly.swift in Sources */ = {isa = PBXBuildFile; fileRef = 2027E16F2701C36F0074151D /* HomeAssembly.swift */; };
		2042E6C0279AAECF000F32C2 /* AppStartMode.swift in Sources */ = {isa = PBXBuildFile; fileRef = 2042E6BF279AAECF000F32C2 /* AppStartMode.swift */; };
		205FC4EB26CB6D20003E6DEF /* Assets.xcassets in Resources */ = {isa = PBXBuildFile; fileRef = 205FC4EA26CB6D20003E6DEF /* Assets.xcassets */; };
		205FC4EE26CB6D20003E6DEF /* Preview Assets.xcassets in Resources */ = {isa = PBXBuildFile; fileRef = 205FC4ED26CB6D20003E6DEF /* Preview Assets.xcassets */; };
		205FC4F326CB6D20003E6DEF /* SwiftUITestProject.xcdatamodeld in Sources */ = {isa = PBXBuildFile; fileRef = 205FC4F126CB6D20003E6DEF /* SwiftUITestProject.xcdatamodeld */; };
		205FC4FE26CB6D20003E6DEF /* SwiftUITestProjectTests.swift in Sources */ = {isa = PBXBuildFile; fileRef = 205FC4FD26CB6D20003E6DEF /* SwiftUITestProjectTests.swift */; };
		205FC50926CB6D20003E6DEF /* SwiftUITestProjectUITests.swift in Sources */ = {isa = PBXBuildFile; fileRef = 205FC50826CB6D20003E6DEF /* SwiftUITestProjectUITests.swift */; };
		20C6314D2797FBD400951D8F /* AppCoordinator.swift in Sources */ = {isa = PBXBuildFile; fileRef = 20C6314C2797FBD400951D8F /* AppCoordinator.swift */; };
		20C631522798242900951D8F /* AppAssembly.swift in Sources */ = {isa = PBXBuildFile; fileRef = 20C631512798242900951D8F /* AppAssembly.swift */; };
		20C631542798433E00951D8F /* HomePresenter.swift in Sources */ = {isa = PBXBuildFile; fileRef = 20C631532798433E00951D8F /* HomePresenter.swift */; };
		20C631562799691F00951D8F /* DetailAssembly.swift in Sources */ = {isa = PBXBuildFile; fileRef = 20C631552799691E00951D8F /* DetailAssembly.swift */; };
		20C631582799695E00951D8F /* DetailView.swift in Sources */ = {isa = PBXBuildFile; fileRef = 20C631572799695E00951D8F /* DetailView.swift */; };
		20C6315A279A82FA00951D8F /* DetailCoordinator.swift in Sources */ = {isa = PBXBuildFile; fileRef = 20C63159279A82FA00951D8F /* DetailCoordinator.swift */; };
		20C798F0279EA7C900A05F4F /* NavigationLinkWrapper.swift in Sources */ = {isa = PBXBuildFile; fileRef = 20C798EF279EA7C900A05F4F /* NavigationLinkWrapper.swift */; };
		20C798F227A10F3600A05F4F /* AssociatedObject.swift in Sources */ = {isa = PBXBuildFile; fileRef = 20C798F127A10F3600A05F4F /* AssociatedObject.swift */; };
		20C798F427A11BF100A05F4F /* Presenter.swift in Sources */ = {isa = PBXBuildFile; fileRef = 20C798F327A11BF100A05F4F /* Presenter.swift */; };
/* End PBXBuildFile section */

/* Begin PBXContainerItemProxy section */
		205FC4FA26CB6D20003E6DEF /* PBXContainerItemProxy */ = {
			isa = PBXContainerItemProxy;
			containerPortal = 205FC4DB26CB6D1D003E6DEF /* Project object */;
			proxyType = 1;
			remoteGlobalIDString = 205FC4E226CB6D1D003E6DEF;
			remoteInfo = SwiftUITestProject;
		};
		205FC50526CB6D20003E6DEF /* PBXContainerItemProxy */ = {
			isa = PBXContainerItemProxy;
			containerPortal = 205FC4DB26CB6D1D003E6DEF /* Project object */;
			proxyType = 1;
			remoteGlobalIDString = 205FC4E226CB6D1D003E6DEF;
			remoteInfo = SwiftUITestProject;
		};
/* End PBXContainerItemProxy section */

/* Begin PBXFileReference section */
		2027E14626FC4D5E0074151D /* AutoAssembly.swift */ = {isa = PBXFileReference; lastKnownFileType = sourcecode.swift; path = AutoAssembly.swift; sourceTree = "<group>"; };
		2027E15026FC64EB0074151D /* HomeView.swift */ = {isa = PBXFileReference; lastKnownFileType = sourcecode.swift; path = HomeView.swift; sourceTree = "<group>"; };
		2027E1672701B5C90074151D /* SwinjectConfigurator.swift */ = {isa = PBXFileReference; lastKnownFileType = sourcecode.swift; path = SwinjectConfigurator.swift; sourceTree = "<group>"; };
		2027E16B2701C0D40074151D /* Coordinator.swift */ = {isa = PBXFileReference; lastKnownFileType = sourcecode.swift; path = Coordinator.swift; sourceTree = "<group>"; };
		2027E16D2701C2EA0074151D /* HomeCoordinator.swift */ = {isa = PBXFileReference; lastKnownFileType = sourcecode.swift; path = HomeCoordinator.swift; sourceTree = "<group>"; };
		2027E16F2701C36F0074151D /* HomeAssembly.swift */ = {isa = PBXFileReference; lastKnownFileType = sourcecode.swift; path = HomeAssembly.swift; sourceTree = "<group>"; };
		2042E6BF279AAECF000F32C2 /* AppStartMode.swift */ = {isa = PBXFileReference; lastKnownFileType = sourcecode.swift; path = AppStartMode.swift; sourceTree = "<group>"; };
		205FC4E326CB6D1D003E6DEF /* SwiftUIVersionTestProject.app */ = {isa = PBXFileReference; explicitFileType = wrapper.application; includeInIndex = 0; path = SwiftUIVersionTestProject.app; sourceTree = BUILT_PRODUCTS_DIR; };
		205FC4EA26CB6D20003E6DEF /* Assets.xcassets */ = {isa = PBXFileReference; lastKnownFileType = folder.assetcatalog; path = Assets.xcassets; sourceTree = "<group>"; };
		205FC4ED26CB6D20003E6DEF /* Preview Assets.xcassets */ = {isa = PBXFileReference; lastKnownFileType = folder.assetcatalog; path = "Preview Assets.xcassets"; sourceTree = "<group>"; };
		205FC4F226CB6D20003E6DEF /* SwiftUITestProject.xcdatamodel */ = {isa = PBXFileReference; lastKnownFileType = wrapper.xcdatamodel; path = SwiftUITestProject.xcdatamodel; sourceTree = "<group>"; };
		205FC4F426CB6D20003E6DEF /* Info.plist */ = {isa = PBXFileReference; lastKnownFileType = text.plist.xml; path = Info.plist; sourceTree = "<group>"; };
		205FC4F926CB6D20003E6DEF /* SwiftUIVersionTestProjectTests.xctest */ = {isa = PBXFileReference; explicitFileType = wrapper.cfbundle; includeInIndex = 0; path = SwiftUIVersionTestProjectTests.xctest; sourceTree = BUILT_PRODUCTS_DIR; };
		205FC4FD26CB6D20003E6DEF /* SwiftUITestProjectTests.swift */ = {isa = PBXFileReference; lastKnownFileType = sourcecode.swift; path = SwiftUITestProjectTests.swift; sourceTree = "<group>"; };
		205FC4FF26CB6D20003E6DEF /* Info.plist */ = {isa = PBXFileReference; lastKnownFileType = text.plist.xml; path = Info.plist; sourceTree = "<group>"; };
		205FC50426CB6D20003E6DEF /* SwiftUIVersionTestProjectUITests.xctest */ = {isa = PBXFileReference; explicitFileType = wrapper.cfbundle; includeInIndex = 0; path = SwiftUIVersionTestProjectUITests.xctest; sourceTree = BUILT_PRODUCTS_DIR; };
		205FC50826CB6D20003E6DEF /* SwiftUITestProjectUITests.swift */ = {isa = PBXFileReference; lastKnownFileType = sourcecode.swift; path = SwiftUITestProjectUITests.swift; sourceTree = "<group>"; };
		205FC50A26CB6D20003E6DEF /* Info.plist */ = {isa = PBXFileReference; lastKnownFileType = text.plist.xml; path = Info.plist; sourceTree = "<group>"; };
		20C6314C2797FBD400951D8F /* AppCoordinator.swift */ = {isa = PBXFileReference; lastKnownFileType = sourcecode.swift; path = AppCoordinator.swift; sourceTree = "<group>"; };
		20C631512798242900951D8F /* AppAssembly.swift */ = {isa = PBXFileReference; lastKnownFileType = sourcecode.swift; path = AppAssembly.swift; sourceTree = "<group>"; };
		20C631532798433E00951D8F /* HomePresenter.swift */ = {isa = PBXFileReference; lastKnownFileType = sourcecode.swift; path = HomePresenter.swift; sourceTree = "<group>"; };
		20C631552799691E00951D8F /* DetailAssembly.swift */ = {isa = PBXFileReference; lastKnownFileType = sourcecode.swift; path = DetailAssembly.swift; sourceTree = "<group>"; };
		20C631572799695E00951D8F /* DetailView.swift */ = {isa = PBXFileReference; lastKnownFileType = sourcecode.swift; path = DetailView.swift; sourceTree = "<group>"; };
		20C63159279A82FA00951D8F /* DetailCoordinator.swift */ = {isa = PBXFileReference; lastKnownFileType = sourcecode.swift; path = DetailCoordinator.swift; sourceTree = "<group>"; };
		20C798EF279EA7C900A05F4F /* NavigationLinkWrapper.swift */ = {isa = PBXFileReference; lastKnownFileType = sourcecode.swift; path = NavigationLinkWrapper.swift; sourceTree = "<group>"; };
		20C798F127A10F3600A05F4F /* AssociatedObject.swift */ = {isa = PBXFileReference; lastKnownFileType = sourcecode.swift; path = AssociatedObject.swift; sourceTree = "<group>"; };
		20C798F327A11BF100A05F4F /* Presenter.swift */ = {isa = PBXFileReference; lastKnownFileType = sourcecode.swift; path = Presenter.swift; sourceTree = "<group>"; };
/* End PBXFileReference section */

/* Begin PBXFrameworksBuildPhase section */
		205FC4E026CB6D1D003E6DEF /* Frameworks */ = {
			isa = PBXFrameworksBuildPhase;
			buildActionMask = 2147483647;
			files = (
				2027E13D26FC44E80074151D /* Swinject in Frameworks */,
			);
			runOnlyForDeploymentPostprocessing = 0;
		};
		205FC4F626CB6D20003E6DEF /* Frameworks */ = {
			isa = PBXFrameworksBuildPhase;
			buildActionMask = 2147483647;
			files = (
			);
			runOnlyForDeploymentPostprocessing = 0;
		};
		205FC50126CB6D20003E6DEF /* Frameworks */ = {
			isa = PBXFrameworksBuildPhase;
			buildActionMask = 2147483647;
			files = (
			);
			runOnlyForDeploymentPostprocessing = 0;
		};
/* End PBXFrameworksBuildPhase section */

/* Begin PBXGroup section */
		2027E14126FC461D0074151D /* UI */ = {
			isa = PBXGroup;
			children = (
				2027E14D26FC64820074151D /* Scense */,
				2027E14A26FC64400074151D /* Abstract */,
			);
			path = UI;
			sourceTree = "<group>";
		};
		2027E14426FC4BF70074151D /* BusinessLogic */ = {
			isa = PBXGroup;
			children = (
				2027E14526FC4C150074151D /* Assembly */,
			);
			path = BusinessLogic;
			sourceTree = "<group>";
		};
		2027E14526FC4C150074151D /* Assembly */ = {
			isa = PBXGroup;
			children = (
				2027E14626FC4D5E0074151D /* AutoAssembly.swift */,
				2027E1672701B5C90074151D /* SwinjectConfigurator.swift */,
			);
			path = Assembly;
			sourceTree = "<group>";
		};
		2027E14A26FC64400074151D /* Abstract */ = {
			isa = PBXGroup;
			children = (
				20C798F127A10F3600A05F4F /* AssociatedObject.swift */,
				2027E16B2701C0D40074151D /* Coordinator.swift */,
				20C798F327A11BF100A05F4F /* Presenter.swift */,
				20C798EF279EA7C900A05F4F /* NavigationLinkWrapper.swift */,
			);
			path = Abstract;
			sourceTree = "<group>";
		};
		2027E14D26FC64820074151D /* Scense */ = {
			isa = PBXGroup;
			children = (
				20C6314B2797FB0300951D8F /* Detail */,
				20C6314A2797FAE700951D8F /* Home */,
			);
			path = Scense;
			sourceTree = "<group>";
		};
		205FC4DA26CB6D1D003E6DEF = {
			isa = PBXGroup;
			children = (
				205FC4E526CB6D1D003E6DEF /* SwiftUIVersion */,
				205FC4FC26CB6D20003E6DEF /* SwiftUITestProjectTests */,
				205FC50726CB6D20003E6DEF /* SwiftUITestProjectUITests */,
				205FC4E426CB6D1D003E6DEF /* Products */,
			);
			sourceTree = "<group>";
		};
		205FC4E426CB6D1D003E6DEF /* Products */ = {
			isa = PBXGroup;
			children = (
				205FC4E326CB6D1D003E6DEF /* SwiftUIVersionTestProject.app */,
				205FC4F926CB6D20003E6DEF /* SwiftUIVersionTestProjectTests.xctest */,
				205FC50426CB6D20003E6DEF /* SwiftUIVersionTestProjectUITests.xctest */,
			);
			name = Products;
			sourceTree = "<group>";
		};
		205FC4E526CB6D1D003E6DEF /* SwiftUIVersion */ = {
			isa = PBXGroup;
			children = (
				2042E6BF279AAECF000F32C2 /* AppStartMode.swift */,
				20C631512798242900951D8F /* AppAssembly.swift */,
				20C6314C2797FBD400951D8F /* AppCoordinator.swift */,
				2027E14426FC4BF70074151D /* BusinessLogic */,
				2027E14126FC461D0074151D /* UI */,
				205FC51726CB6FBF003E6DEF /* Resources */,
				205FC4EC26CB6D20003E6DEF /* Preview Content */,
			);
			path = SwiftUIVersion;
			sourceTree = "<group>";
		};
		205FC4EC26CB6D20003E6DEF /* Preview Content */ = {
			isa = PBXGroup;
			children = (
				205FC4ED26CB6D20003E6DEF /* Preview Assets.xcassets */,
			);
			path = "Preview Content";
			sourceTree = "<group>";
		};
		205FC4FC26CB6D20003E6DEF /* SwiftUITestProjectTests */ = {
			isa = PBXGroup;
			children = (
				205FC4FD26CB6D20003E6DEF /* SwiftUITestProjectTests.swift */,
				205FC4FF26CB6D20003E6DEF /* Info.plist */,
			);
			path = SwiftUITestProjectTests;
			sourceTree = "<group>";
		};
		205FC50726CB6D20003E6DEF /* SwiftUITestProjectUITests */ = {
			isa = PBXGroup;
			children = (
				205FC50826CB6D20003E6DEF /* SwiftUITestProjectUITests.swift */,
				205FC50A26CB6D20003E6DEF /* Info.plist */,
			);
			path = SwiftUITestProjectUITests;
			sourceTree = "<group>";
		};
		205FC51726CB6FBF003E6DEF /* Resources */ = {
			isa = PBXGroup;
			children = (
				205FC4F426CB6D20003E6DEF /* Info.plist */,
				205FC4F126CB6D20003E6DEF /* SwiftUITestProject.xcdatamodeld */,
				205FC4EA26CB6D20003E6DEF /* Assets.xcassets */,
			);
			path = Resources;
			sourceTree = "<group>";
		};
		20C6314A2797FAE700951D8F /* Home */ = {
			isa = PBXGroup;
			children = (
				2027E16F2701C36F0074151D /* HomeAssembly.swift */,
				2027E16D2701C2EA0074151D /* HomeCoordinator.swift */,
				20C631532798433E00951D8F /* HomePresenter.swift */,
				2027E15026FC64EB0074151D /* HomeView.swift */,
			);
			path = Home;
			sourceTree = "<group>";
		};
		20C6314B2797FB0300951D8F /* Detail */ = {
			isa = PBXGroup;
			children = (
				20C631552799691E00951D8F /* DetailAssembly.swift */,
				20C63159279A82FA00951D8F /* DetailCoordinator.swift */,
				20C631572799695E00951D8F /* DetailView.swift */,
			);
			path = Detail;
			sourceTree = "<group>";
		};
/* End PBXGroup section */

/* Begin PBXNativeTarget section */
		205FC4E226CB6D1D003E6DEF /* SwiftUIVersionTestProject */ = {
			isa = PBXNativeTarget;
			buildConfigurationList = 205FC50D26CB6D20003E6DEF /* Build configuration list for PBXNativeTarget "SwiftUIVersionTestProject" */;
			buildPhases = (
				205FC4DF26CB6D1D003E6DEF /* Sources */,
				205FC4E026CB6D1D003E6DEF /* Frameworks */,
				205FC4E126CB6D1D003E6DEF /* Resources */,
			);
			buildRules = (
			);
			dependencies = (
			);
			name = SwiftUIVersionTestProject;
			packageProductDependencies = (
				2027E13C26FC44E80074151D /* Swinject */,
			);
			productName = SwiftUITestProject;
			productReference = 205FC4E326CB6D1D003E6DEF /* SwiftUIVersionTestProject.app */;
			productType = "com.apple.product-type.application";
		};
		205FC4F826CB6D20003E6DEF /* SwiftUIVersionTestProjectTests */ = {
			isa = PBXNativeTarget;
			buildConfigurationList = 205FC51026CB6D20003E6DEF /* Build configuration list for PBXNativeTarget "SwiftUIVersionTestProjectTests" */;
			buildPhases = (
				205FC4F526CB6D20003E6DEF /* Sources */,
				205FC4F626CB6D20003E6DEF /* Frameworks */,
				205FC4F726CB6D20003E6DEF /* Resources */,
			);
			buildRules = (
			);
			dependencies = (
				205FC4FB26CB6D20003E6DEF /* PBXTargetDependency */,
			);
			name = SwiftUIVersionTestProjectTests;
			productName = SwiftUITestProjectTests;
			productReference = 205FC4F926CB6D20003E6DEF /* SwiftUIVersionTestProjectTests.xctest */;
			productType = "com.apple.product-type.bundle.unit-test";
		};
		205FC50326CB6D20003E6DEF /* SwiftUIVersionTestProjectUITests */ = {
			isa = PBXNativeTarget;
			buildConfigurationList = 205FC51326CB6D20003E6DEF /* Build configuration list for PBXNativeTarget "SwiftUIVersionTestProjectUITests" */;
			buildPhases = (
				205FC50026CB6D20003E6DEF /* Sources */,
				205FC50126CB6D20003E6DEF /* Frameworks */,
				205FC50226CB6D20003E6DEF /* Resources */,
			);
			buildRules = (
			);
			dependencies = (
				205FC50626CB6D20003E6DEF /* PBXTargetDependency */,
			);
			name = SwiftUIVersionTestProjectUITests;
			productName = SwiftUITestProjectUITests;
			productReference = 205FC50426CB6D20003E6DEF /* SwiftUIVersionTestProjectUITests.xctest */;
			productType = "com.apple.product-type.bundle.ui-testing";
		};
/* End PBXNativeTarget section */

/* Begin PBXProject section */
		205FC4DB26CB6D1D003E6DEF /* Project object */ = {
			isa = PBXProject;
			attributes = {
				LastSwiftUpdateCheck = 1250;
				LastUpgradeCheck = 1250;
				TargetAttributes = {
					205FC4E226CB6D1D003E6DEF = {
						CreatedOnToolsVersion = 12.5.1;
					};
					205FC4F826CB6D20003E6DEF = {
						CreatedOnToolsVersion = 12.5.1;
						TestTargetID = 205FC4E226CB6D1D003E6DEF;
					};
					205FC50326CB6D20003E6DEF = {
						CreatedOnToolsVersion = 12.5.1;
						TestTargetID = 205FC4E226CB6D1D003E6DEF;
					};
				};
			};
			buildConfigurationList = 205FC4DE26CB6D1D003E6DEF /* Build configuration list for PBXProject "SwiftUIVersion" */;
			compatibilityVersion = "Xcode 9.3";
			developmentRegion = en;
			hasScannedForEncodings = 0;
			knownRegions = (
				en,
				Base,
			);
			mainGroup = 205FC4DA26CB6D1D003E6DEF;
			packageReferences = (
				2027E13B26FC44E80074151D /* XCRemoteSwiftPackageReference "Swinject" */,
			);
			productRefGroup = 205FC4E426CB6D1D003E6DEF /* Products */;
			projectDirPath = "";
			projectRoot = "";
			targets = (
				205FC4E226CB6D1D003E6DEF /* SwiftUIVersionTestProject */,
				205FC4F826CB6D20003E6DEF /* SwiftUIVersionTestProjectTests */,
				205FC50326CB6D20003E6DEF /* SwiftUIVersionTestProjectUITests */,
			);
		};
/* End PBXProject section */

/* Begin PBXResourcesBuildPhase section */
		205FC4E126CB6D1D003E6DEF /* Resources */ = {
			isa = PBXResourcesBuildPhase;
			buildActionMask = 2147483647;
			files = (
				205FC4EE26CB6D20003E6DEF /* Preview Assets.xcassets in Resources */,
				205FC4EB26CB6D20003E6DEF /* Assets.xcassets in Resources */,
			);
			runOnlyForDeploymentPostprocessing = 0;
		};
		205FC4F726CB6D20003E6DEF /* Resources */ = {
			isa = PBXResourcesBuildPhase;
			buildActionMask = 2147483647;
			files = (
			);
			runOnlyForDeploymentPostprocessing = 0;
		};
		205FC50226CB6D20003E6DEF /* Resources */ = {
			isa = PBXResourcesBuildPhase;
			buildActionMask = 2147483647;
			files = (
			);
			runOnlyForDeploymentPostprocessing = 0;
		};
/* End PBXResourcesBuildPhase section */

/* Begin PBXSourcesBuildPhase section */
		205FC4DF26CB6D1D003E6DEF /* Sources */ = {
			isa = PBXSourcesBuildPhase;
			buildActionMask = 2147483647;
			files = (
				205FC4F326CB6D20003E6DEF /* SwiftUITestProject.xcdatamodeld in Sources */,
				2027E14726FC4D5E0074151D /* AutoAssembly.swift in Sources */,
				2027E16C2701C0D40074151D /* Coordinator.swift in Sources */,
				20C798F427A11BF100A05F4F /* Presenter.swift in Sources */,
				2027E15126FC64EB0074151D /* HomeView.swift in Sources */,
				2027E16E2701C2EA0074151D /* HomeCoordinator.swift in Sources */,
				20C631522798242900951D8F /* AppAssembly.swift in Sources */,
				20C6315A279A82FA00951D8F /* DetailCoordinator.swift in Sources */,
				20C631582799695E00951D8F /* DetailView.swift in Sources */,
				20C798F227A10F3600A05F4F /* AssociatedObject.swift in Sources */,
				20C6314D2797FBD400951D8F /* AppCoordinator.swift in Sources */,
				20C798F0279EA7C900A05F4F /* NavigationLinkWrapper.swift in Sources */,
				2027E1702701C36F0074151D /* HomeAssembly.swift in Sources */,
				2042E6C0279AAECF000F32C2 /* AppStartMode.swift in Sources */,
				2027E1682701B5C90074151D /* SwinjectConfigurator.swift in Sources */,
				20C631562799691F00951D8F /* DetailAssembly.swift in Sources */,
				20C631542798433E00951D8F /* HomePresenter.swift in Sources */,
			);
			runOnlyForDeploymentPostprocessing = 0;
		};
		205FC4F526CB6D20003E6DEF /* Sources */ = {
			isa = PBXSourcesBuildPhase;
			buildActionMask = 2147483647;
			files = (
				205FC4FE26CB6D20003E6DEF /* SwiftUITestProjectTests.swift in Sources */,
			);
			runOnlyForDeploymentPostprocessing = 0;
		};
		205FC50026CB6D20003E6DEF /* Sources */ = {
			isa = PBXSourcesBuildPhase;
			buildActionMask = 2147483647;
			files = (
				205FC50926CB6D20003E6DEF /* SwiftUITestProjectUITests.swift in Sources */,
			);
			runOnlyForDeploymentPostprocessing = 0;
		};
/* End PBXSourcesBuildPhase section */

/* Begin PBXTargetDependency section */
		205FC4FB26CB6D20003E6DEF /* PBXTargetDependency */ = {
			isa = PBXTargetDependency;
			target = 205FC4E226CB6D1D003E6DEF /* SwiftUIVersionTestProject */;
			targetProxy = 205FC4FA26CB6D20003E6DEF /* PBXContainerItemProxy */;
		};
		205FC50626CB6D20003E6DEF /* PBXTargetDependency */ = {
			isa = PBXTargetDependency;
			target = 205FC4E226CB6D1D003E6DEF /* SwiftUIVersionTestProject */;
			targetProxy = 205FC50526CB6D20003E6DEF /* PBXContainerItemProxy */;
		};
/* End PBXTargetDependency section */

/* Begin XCBuildConfiguration section */
		205FC50B26CB6D20003E6DEF /* Debug */ = {
			isa = XCBuildConfiguration;
			buildSettings = {
				ALWAYS_SEARCH_USER_PATHS = NO;
				CLANG_ANALYZER_NONNULL = YES;
				CLANG_ANALYZER_NUMBER_OBJECT_CONVERSION = YES_AGGRESSIVE;
				CLANG_CXX_LANGUAGE_STANDARD = "gnu++14";
				CLANG_CXX_LIBRARY = "libc++";
				CLANG_ENABLE_MODULES = YES;
				CLANG_ENABLE_OBJC_ARC = YES;
				CLANG_ENABLE_OBJC_WEAK = YES;
				CLANG_WARN_BLOCK_CAPTURE_AUTORELEASING = YES;
				CLANG_WARN_BOOL_CONVERSION = YES;
				CLANG_WARN_COMMA = YES;
				CLANG_WARN_CONSTANT_CONVERSION = YES;
				CLANG_WARN_DEPRECATED_OBJC_IMPLEMENTATIONS = YES;
				CLANG_WARN_DIRECT_OBJC_ISA_USAGE = YES_ERROR;
				CLANG_WARN_DOCUMENTATION_COMMENTS = YES;
				CLANG_WARN_EMPTY_BODY = YES;
				CLANG_WARN_ENUM_CONVERSION = YES;
				CLANG_WARN_INFINITE_RECURSION = YES;
				CLANG_WARN_INT_CONVERSION = YES;
				CLANG_WARN_NON_LITERAL_NULL_CONVERSION = YES;
				CLANG_WARN_OBJC_IMPLICIT_RETAIN_SELF = YES;
				CLANG_WARN_OBJC_LITERAL_CONVERSION = YES;
				CLANG_WARN_OBJC_ROOT_CLASS = YES_ERROR;
				CLANG_WARN_QUOTED_INCLUDE_IN_FRAMEWORK_HEADER = YES;
				CLANG_WARN_RANGE_LOOP_ANALYSIS = YES;
				CLANG_WARN_STRICT_PROTOTYPES = YES;
				CLANG_WARN_SUSPICIOUS_MOVE = YES;
				CLANG_WARN_UNGUARDED_AVAILABILITY = YES_AGGRESSIVE;
				CLANG_WARN_UNREACHABLE_CODE = YES;
				CLANG_WARN__DUPLICATE_METHOD_MATCH = YES;
				COPY_PHASE_STRIP = NO;
				DEBUG_INFORMATION_FORMAT = dwarf;
				ENABLE_STRICT_OBJC_MSGSEND = YES;
				ENABLE_TESTABILITY = YES;
				GCC_C_LANGUAGE_STANDARD = gnu11;
				GCC_DYNAMIC_NO_PIC = NO;
				GCC_NO_COMMON_BLOCKS = YES;
				GCC_OPTIMIZATION_LEVEL = 0;
				GCC_PREPROCESSOR_DEFINITIONS = (
					"DEBUG=1",
					"$(inherited)",
				);
				GCC_WARN_64_TO_32_BIT_CONVERSION = YES;
				GCC_WARN_ABOUT_RETURN_TYPE = YES_ERROR;
				GCC_WARN_UNDECLARED_SELECTOR = YES;
				GCC_WARN_UNINITIALIZED_AUTOS = YES_AGGRESSIVE;
				GCC_WARN_UNUSED_FUNCTION = YES;
				GCC_WARN_UNUSED_VARIABLE = YES;
				IPHONEOS_DEPLOYMENT_TARGET = 14.5;
				MTL_ENABLE_DEBUG_INFO = INCLUDE_SOURCE;
				MTL_FAST_MATH = YES;
				ONLY_ACTIVE_ARCH = YES;
				SDKROOT = iphoneos;
				SWIFT_ACTIVE_COMPILATION_CONDITIONS = DEBUG;
				SWIFT_OPTIMIZATION_LEVEL = "-Onone";
			};
			name = Debug;
		};
		205FC50C26CB6D20003E6DEF /* Release */ = {
			isa = XCBuildConfiguration;
			buildSettings = {
				ALWAYS_SEARCH_USER_PATHS = NO;
				CLANG_ANALYZER_NONNULL = YES;
				CLANG_ANALYZER_NUMBER_OBJECT_CONVERSION = YES_AGGRESSIVE;
				CLANG_CXX_LANGUAGE_STANDARD = "gnu++14";
				CLANG_CXX_LIBRARY = "libc++";
				CLANG_ENABLE_MODULES = YES;
				CLANG_ENABLE_OBJC_ARC = YES;
				CLANG_ENABLE_OBJC_WEAK = YES;
				CLANG_WARN_BLOCK_CAPTURE_AUTORELEASING = YES;
				CLANG_WARN_BOOL_CONVERSION = YES;
				CLANG_WARN_COMMA = YES;
				CLANG_WARN_CONSTANT_CONVERSION = YES;
				CLANG_WARN_DEPRECATED_OBJC_IMPLEMENTATIONS = YES;
				CLANG_WARN_DIRECT_OBJC_ISA_USAGE = YES_ERROR;
				CLANG_WARN_DOCUMENTATION_COMMENTS = YES;
				CLANG_WARN_EMPTY_BODY = YES;
				CLANG_WARN_ENUM_CONVERSION = YES;
				CLANG_WARN_INFINITE_RECURSION = YES;
				CLANG_WARN_INT_CONVERSION = YES;
				CLANG_WARN_NON_LITERAL_NULL_CONVERSION = YES;
				CLANG_WARN_OBJC_IMPLICIT_RETAIN_SELF = YES;
				CLANG_WARN_OBJC_LITERAL_CONVERSION = YES;
				CLANG_WARN_OBJC_ROOT_CLASS = YES_ERROR;
				CLANG_WARN_QUOTED_INCLUDE_IN_FRAMEWORK_HEADER = YES;
				CLANG_WARN_RANGE_LOOP_ANALYSIS = YES;
				CLANG_WARN_STRICT_PROTOTYPES = YES;
				CLANG_WARN_SUSPICIOUS_MOVE = YES;
				CLANG_WARN_UNGUARDED_AVAILABILITY = YES_AGGRESSIVE;
				CLANG_WARN_UNREACHABLE_CODE = YES;
				CLANG_WARN__DUPLICATE_METHOD_MATCH = YES;
				COPY_PHASE_STRIP = NO;
				DEBUG_INFORMATION_FORMAT = "dwarf-with-dsym";
				ENABLE_NS_ASSERTIONS = NO;
				ENABLE_STRICT_OBJC_MSGSEND = YES;
				GCC_C_LANGUAGE_STANDARD = gnu11;
				GCC_NO_COMMON_BLOCKS = YES;
				GCC_WARN_64_TO_32_BIT_CONVERSION = YES;
				GCC_WARN_ABOUT_RETURN_TYPE = YES_ERROR;
				GCC_WARN_UNDECLARED_SELECTOR = YES;
				GCC_WARN_UNINITIALIZED_AUTOS = YES_AGGRESSIVE;
				GCC_WARN_UNUSED_FUNCTION = YES;
				GCC_WARN_UNUSED_VARIABLE = YES;
				IPHONEOS_DEPLOYMENT_TARGET = 14.5;
				MTL_ENABLE_DEBUG_INFO = NO;
				MTL_FAST_MATH = YES;
				SDKROOT = iphoneos;
				SWIFT_COMPILATION_MODE = wholemodule;
				SWIFT_OPTIMIZATION_LEVEL = "-O";
				VALIDATE_PRODUCT = YES;
			};
			name = Release;
		};
		205FC50E26CB6D20003E6DEF /* Debug */ = {
			isa = XCBuildConfiguration;
			buildSettings = {
				ASSETCATALOG_COMPILER_APPICON_NAME = AppIcon;
				ASSETCATALOG_COMPILER_GLOBAL_ACCENT_COLOR_NAME = AccentColor;
				CODE_SIGN_STYLE = Automatic;
				CURRENT_PROJECT_VERSION = 1;
				DEVELOPMENT_ASSET_PATHS = "\"SwiftUIVersion/Preview Content\"";
				ENABLE_PREVIEWS = YES;
				INFOPLIST_FILE = "$(SRCROOT)/SwiftUIVersion/Resources/Info.plist";
				IPHONEOS_DEPLOYMENT_TARGET = 14.0;
				LD_RUNPATH_SEARCH_PATHS = (
					"$(inherited)",
					"@executable_path/Frameworks",
				);
				MARKETING_VERSION = 1;
				PRODUCT_BUNDLE_IDENTIFIER = com.badteam.SwiftUI;
				PRODUCT_NAME = "$(TARGET_NAME)";
				SWIFT_VERSION = 5.0;
				TARGETED_DEVICE_FAMILY = "1,2";
			};
			name = Debug;
		};
		205FC50F26CB6D20003E6DEF /* Release */ = {
			isa = XCBuildConfiguration;
			buildSettings = {
				ASSETCATALOG_COMPILER_APPICON_NAME = AppIcon;
				ASSETCATALOG_COMPILER_GLOBAL_ACCENT_COLOR_NAME = AccentColor;
				CODE_SIGN_STYLE = Automatic;
				CURRENT_PROJECT_VERSION = 1;
				DEVELOPMENT_ASSET_PATHS = "\"SwiftUIVersion/Preview Content\"";
				ENABLE_PREVIEWS = YES;
				INFOPLIST_FILE = "$(SRCROOT)/SwiftUIVersion/Resources/Info.plist";
				IPHONEOS_DEPLOYMENT_TARGET = 14.0;
				LD_RUNPATH_SEARCH_PATHS = (
					"$(inherited)",
					"@executable_path/Frameworks",
				);
				MARKETING_VERSION = 1;
				PRODUCT_BUNDLE_IDENTIFIER = com.badteam.SwiftUI;
				PRODUCT_NAME = "$(TARGET_NAME)";
				SWIFT_VERSION = 5.0;
				TARGETED_DEVICE_FAMILY = "1,2";
			};
			name = Release;
		};
		205FC51126CB6D20003E6DEF /* Debug */ = {
			isa = XCBuildConfiguration;
			buildSettings = {
				ALWAYS_EMBED_SWIFT_STANDARD_LIBRARIES = YES;
				BUNDLE_LOADER = "$(TEST_HOST)";
				CODE_SIGN_STYLE = Automatic;
				INFOPLIST_FILE = SwiftUITestProjectTests/Info.plist;
				IPHONEOS_DEPLOYMENT_TARGET = 14.0;
				LD_RUNPATH_SEARCH_PATHS = (
					"$(inherited)",
					"@executable_path/Frameworks",
					"@loader_path/Frameworks",
				);
				PRODUCT_BUNDLE_IDENTIFIER = com.badteam.SwiftUITestProjectTests;
				PRODUCT_NAME = "$(TARGET_NAME)";
				SWIFT_VERSION = 5.0;
				TARGETED_DEVICE_FAMILY = "1,2";
				TEST_HOST = "$(BUILT_PRODUCTS_DIR)/SwiftUIVersionTestProject.app/SwiftUIVersionTestProject";
			};
			name = Debug;
		};
		205FC51226CB6D20003E6DEF /* Release */ = {
			isa = XCBuildConfiguration;
			buildSettings = {
				ALWAYS_EMBED_SWIFT_STANDARD_LIBRARIES = YES;
				BUNDLE_LOADER = "$(TEST_HOST)";
				CODE_SIGN_STYLE = Automatic;
				INFOPLIST_FILE = SwiftUITestProjectTests/Info.plist;
				IPHONEOS_DEPLOYMENT_TARGET = 14.0;
				LD_RUNPATH_SEARCH_PATHS = (
					"$(inherited)",
					"@executable_path/Frameworks",
					"@loader_path/Frameworks",
				);
				PRODUCT_BUNDLE_IDENTIFIER = com.badteam.SwiftUITestProjectTests;
				PRODUCT_NAME = "$(TARGET_NAME)";
				SWIFT_VERSION = 5.0;
				TARGETED_DEVICE_FAMILY = "1,2";
				TEST_HOST = "$(BUILT_PRODUCTS_DIR)/SwiftUIVersionTestProject.app/SwiftUIVersionTestProject";
			};
			name = Release;
		};
		205FC51426CB6D20003E6DEF /* Debug */ = {
			isa = XCBuildConfiguration;
			buildSettings = {
				ALWAYS_EMBED_SWIFT_STANDARD_LIBRARIES = YES;
				CODE_SIGN_STYLE = Automatic;
				INFOPLIST_FILE = SwiftUITestProjectUITests/Info.plist;
				LD_RUNPATH_SEARCH_PATHS = (
					"$(inherited)",
					"@executable_path/Frameworks",
					"@loader_path/Frameworks",
				);
				PRODUCT_BUNDLE_IDENTIFIER = com.badteam.SwiftUITestProjectUITests;
				PRODUCT_NAME = "$(TARGET_NAME)";
				SWIFT_VERSION = 5.0;
				TARGETED_DEVICE_FAMILY = "1,2";
				TEST_TARGET_NAME = SwiftUITestProject;
			};
			name = Debug;
		};
		205FC51526CB6D20003E6DEF /* Release */ = {
			isa = XCBuildConfiguration;
			buildSettings = {
				ALWAYS_EMBED_SWIFT_STANDARD_LIBRARIES = YES;
				CODE_SIGN_STYLE = Automatic;
				INFOPLIST_FILE = SwiftUITestProjectUITests/Info.plist;
				LD_RUNPATH_SEARCH_PATHS = (
					"$(inherited)",
					"@executable_path/Frameworks",
					"@loader_path/Frameworks",
				);
				PRODUCT_BUNDLE_IDENTIFIER = com.badteam.SwiftUITestProjectUITests;
				PRODUCT_NAME = "$(TARGET_NAME)";
				SWIFT_VERSION = 5.0;
				TARGETED_DEVICE_FAMILY = "1,2";
				TEST_TARGET_NAME = SwiftUITestProject;
			};
			name = Release;
		};
/* End XCBuildConfiguration section */

/* Begin XCConfigurationList section */
		205FC4DE26CB6D1D003E6DEF /* Build configuration list for PBXProject "SwiftUIVersion" */ = {
			isa = XCConfigurationList;
			buildConfigurations = (
				205FC50B26CB6D20003E6DEF /* Debug */,
				205FC50C26CB6D20003E6DEF /* Release */,
			);
			defaultConfigurationIsVisible = 0;
			defaultConfigurationName = Release;
		};
		205FC50D26CB6D20003E6DEF /* Build configuration list for PBXNativeTarget "SwiftUIVersionTestProject" */ = {
			isa = XCConfigurationList;
			buildConfigurations = (
				205FC50E26CB6D20003E6DEF /* Debug */,
				205FC50F26CB6D20003E6DEF /* Release */,
			);
			defaultConfigurationIsVisible = 0;
			defaultConfigurationName = Release;
		};
		205FC51026CB6D20003E6DEF /* Build configuration list for PBXNativeTarget "SwiftUIVersionTestProjectTests" */ = {
			isa = XCConfigurationList;
			buildConfigurations = (
				205FC51126CB6D20003E6DEF /* Debug */,
				205FC51226CB6D20003E6DEF /* Release */,
			);
			defaultConfigurationIsVisible = 0;
			defaultConfigurationName = Release;
		};
		205FC51326CB6D20003E6DEF /* Build configuration list for PBXNativeTarget "SwiftUIVersionTestProjectUITests" */ = {
			isa = XCConfigurationList;
			buildConfigurations = (
				205FC51426CB6D20003E6DEF /* Debug */,
				205FC51526CB6D20003E6DEF /* Release */,
			);
			defaultConfigurationIsVisible = 0;
			defaultConfigurationName = Release;
		};
/* End XCConfigurationList section */

/* Begin XCRemoteSwiftPackageReference section */
		2027E13B26FC44E80074151D /* XCRemoteSwiftPackageReference "Swinject" */ = {
			isa = XCRemoteSwiftPackageReference;
			repositoryURL = "https://github.com/Swinject/Swinject";
			requirement = {
				kind = upToNextMajorVersion;
				minimumVersion = 2.0.0;
			};
		};
/* End XCRemoteSwiftPackageReference section */

/* Begin XCSwiftPackageProductDependency section */
		2027E13C26FC44E80074151D /* Swinject */ = {
			isa = XCSwiftPackageProductDependency;
			package = 2027E13B26FC44E80074151D /* XCRemoteSwiftPackageReference "Swinject" */;
			productName = Swinject;
		};
/* End XCSwiftPackageProductDependency section */

/* Begin XCVersionGroup section */
		205FC4F126CB6D20003E6DEF /* SwiftUITestProject.xcdatamodeld */ = {
			isa = XCVersionGroup;
			children = (
				205FC4F226CB6D20003E6DEF /* SwiftUITestProject.xcdatamodel */,
			);
			currentVersion = 205FC4F226CB6D20003E6DEF /* SwiftUITestProject.xcdatamodel */;
			path = SwiftUITestProject.xcdatamodeld;
			sourceTree = "<group>";
			versionGroupType = wrapper.xcdatamodel;
		};
/* End XCVersionGroup section */
	};
	rootObject = 205FC4DB26CB6D1D003E6DEF /* Project object */;
}
